// !$*UTF8*$!
{
	archiveVersion = 1;
	classes = {
	};
	objectVersion = 56;
	objects = {

/* Begin PBXBuildFile section */
		201655972BE78B8E00D61B79 /* P_last.mlpackage in Sources */ = {isa = PBXBuildFile; fileRef = 201655962BE78B8E00D61B79 /* P_last.mlpackage */; };
		20193B392BC580BF00FDFBCF /* ExercisesViewModel.swift in Sources */ = {isa = PBXBuildFile; fileRef = 20193B382BC580BF00FDFBCF /* ExercisesViewModel.swift */; };
		203AD5FA2BC552C700FBAA09 /* HomeView.swift in Sources */ = {isa = PBXBuildFile; fileRef = 203AD5F92BC552C700FBAA09 /* HomeView.swift */; };
		205D5A332B9ED7EF00C7363C /* RegisterView.swift in Sources */ = {isa = PBXBuildFile; fileRef = 205D5A322B9ED7EF00C7363C /* RegisterView.swift */; };
		205E11C42BEA9B4C0045115A /* CountDownView.swift in Sources */ = {isa = PBXBuildFile; fileRef = 205E11C32BEA9B4C0045115A /* CountDownView.swift */; };
		205E11C62BEB36C10045115A /* S_last.mlpackage in Sources */ = {isa = PBXBuildFile; fileRef = 205E11C52BEB36C10045115A /* S_last.mlpackage */; };
		206D0EF52BC3AF06002D1812 /* ResultView.swift in Sources */ = {isa = PBXBuildFile; fileRef = 206D0EF42BC3AF06002D1812 /* ResultView.swift */; };
		206D0EF72BC3AF10002D1812 /* HistoryView.swift in Sources */ = {isa = PBXBuildFile; fileRef = 206D0EF62BC3AF10002D1812 /* HistoryView.swift */; };
		209D52952BE36C6B00FBC84A /* HistoryInfoView.swift in Sources */ = {isa = PBXBuildFile; fileRef = 209D52942BE36C6B00FBC84A /* HistoryInfoView.swift */; };
		20B5A0572BA1801600A17869 /* HistoryViewModel.swift in Sources */ = {isa = PBXBuildFile; fileRef = 20B5A0562BA1801600A17869 /* HistoryViewModel.swift */; };
		20B5A0592BA1802200A17869 /* History.swift in Sources */ = {isa = PBXBuildFile; fileRef = 20B5A0582BA1802200A17869 /* History.swift */; };
		20B5A05B2BA181DD00A17869 /* Exercises.swift in Sources */ = {isa = PBXBuildFile; fileRef = 20B5A05A2BA181DD00A17869 /* Exercises.swift */; };
		20F8F4DF2B9DFE6100447299 /* Assets.xcassets in Resources */ = {isa = PBXBuildFile; fileRef = 20F8F4DE2B9DFE6100447299 /* Assets.xcassets */; };
		20F8F4E22B9DFE6100447299 /* Preview Assets.xcassets in Resources */ = {isa = PBXBuildFile; fileRef = 20F8F4E12B9DFE6100447299 /* Preview Assets.xcassets */; };
		20F8F4EC2B9DFE6100447299 /* Shape_FYPTests.swift in Sources */ = {isa = PBXBuildFile; fileRef = 20F8F4EB2B9DFE6100447299 /* Shape_FYPTests.swift */; };
		20F8F4F62B9DFE6100447299 /* Shape_FYPUITests.swift in Sources */ = {isa = PBXBuildFile; fileRef = 20F8F4F52B9DFE6100447299 /* Shape_FYPUITests.swift */; };
		20F8F4F82B9DFE6100447299 /* Shape_FYPUITestsLaunchTests.swift in Sources */ = {isa = PBXBuildFile; fileRef = 20F8F4F72B9DFE6100447299 /* Shape_FYPUITestsLaunchTests.swift */; };
		20F8F5162B9DFE7A00447299 /* CameraPreview.swift in Sources */ = {isa = PBXBuildFile; fileRef = 20F8F5042B9DFE7700447299 /* CameraPreview.swift */; };
		20F8F5172B9DFE7A00447299 /* CameraView.swift in Sources */ = {isa = PBXBuildFile; fileRef = 20F8F5052B9DFE7700447299 /* CameraView.swift */; };
		20F8F5182B9DFE7A00447299 /* DetectedObjectsView.swift in Sources */ = {isa = PBXBuildFile; fileRef = 20F8F5062B9DFE7700447299 /* DetectedObjectsView.swift */; };
		20F8F5192B9DFE7A00447299 /* DetectionView.swift in Sources */ = {isa = PBXBuildFile; fileRef = 20F8F5072B9DFE7700447299 /* DetectionView.swift */; };
		20F8F51A2B9DFE7A00447299 /* LoginView.swift in Sources */ = {isa = PBXBuildFile; fileRef = 20F8F5092B9DFE7700447299 /* LoginView.swift */; };
		20F8F51B2B9DFE7A00447299 /* ContentView.swift in Sources */ = {isa = PBXBuildFile; fileRef = 20F8F50B2B9DFE7700447299 /* ContentView.swift */; };
		20F8F51C2B9DFE7A00447299 /* LoginViewModel.swift in Sources */ = {isa = PBXBuildFile; fileRef = 20F8F50D2B9DFE7700447299 /* LoginViewModel.swift */; };
		20F8F51D2B9DFE7A00447299 /* Shape_FYPApp.swift in Sources */ = {isa = PBXBuildFile; fileRef = 20F8F50F2B9DFE7700447299 /* Shape_FYPApp.swift */; };
		20F8F5202B9DFE7A00447299 /* GoogleService-Info.plist in Resources */ = {isa = PBXBuildFile; fileRef = 20F8F5132B9DFE7A00447299 /* GoogleService-Info.plist */; };
		20F8F5212B9DFE7A00447299 /* User.swift in Sources */ = {isa = PBXBuildFile; fileRef = 20F8F5142B9DFE7A00447299 /* User.swift */; };
		20F8F5242B9DFEBD00447299 /* FirebaseAnalytics in Frameworks */ = {isa = PBXBuildFile; productRef = 20F8F5232B9DFEBD00447299 /* FirebaseAnalytics */; };
		20F8F5262B9DFEBD00447299 /* FirebaseAnalyticsSwift in Frameworks */ = {isa = PBXBuildFile; productRef = 20F8F5252B9DFEBD00447299 /* FirebaseAnalyticsSwift */; };
		20F8F5282B9DFEBD00447299 /* FirebaseAppCheck in Frameworks */ = {isa = PBXBuildFile; productRef = 20F8F5272B9DFEBD00447299 /* FirebaseAppCheck */; };
		20F8F52A2B9DFEBD00447299 /* FirebaseAuth in Frameworks */ = {isa = PBXBuildFile; productRef = 20F8F5292B9DFEBD00447299 /* FirebaseAuth */; };
		20F8F52C2B9DFEBD00447299 /* FirebaseDatabase in Frameworks */ = {isa = PBXBuildFile; productRef = 20F8F52B2B9DFEBD00447299 /* FirebaseDatabase */; };
		20F8F52E2B9DFEBD00447299 /* FirebaseDatabaseSwift in Frameworks */ = {isa = PBXBuildFile; productRef = 20F8F52D2B9DFEBD00447299 /* FirebaseDatabaseSwift */; };
		20F8F5302B9DFEBD00447299 /* FirebaseFirestore in Frameworks */ = {isa = PBXBuildFile; productRef = 20F8F52F2B9DFEBD00447299 /* FirebaseFirestore */; };
		20F8F5322B9DFEBD00447299 /* FirebaseFirestoreSwift in Frameworks */ = {isa = PBXBuildFile; productRef = 20F8F5312B9DFEBD00447299 /* FirebaseFirestoreSwift */; };
		20F8F5342B9DFEBD00447299 /* FirebaseStorage in Frameworks */ = {isa = PBXBuildFile; productRef = 20F8F5332B9DFEBD00447299 /* FirebaseStorage */; };
/* End PBXBuildFile section */

/* Begin PBXContainerItemProxy section */
		20F8F4E82B9DFE6100447299 /* PBXContainerItemProxy */ = {
			isa = PBXContainerItemProxy;
			containerPortal = 20F8F4CF2B9DFE5F00447299 /* Project object */;
			proxyType = 1;
			remoteGlobalIDString = 20F8F4D62B9DFE5F00447299;
			remoteInfo = Shape_FYP;
		};
		20F8F4F22B9DFE6100447299 /* PBXContainerItemProxy */ = {
			isa = PBXContainerItemProxy;
			containerPortal = 20F8F4CF2B9DFE5F00447299 /* Project object */;
			proxyType = 1;
			remoteGlobalIDString = 20F8F4D62B9DFE5F00447299;
			remoteInfo = Shape_FYP;
		};
/* End PBXContainerItemProxy section */

/* Begin PBXFileReference section */
		201655962BE78B8E00D61B79 /* P_last.mlpackage */ = {isa = PBXFileReference; lastKnownFileType = folder.mlpackage; path = P_last.mlpackage; sourceTree = "<group>"; };
		20193B382BC580BF00FDFBCF /* ExercisesViewModel.swift */ = {isa = PBXFileReference; lastKnownFileType = sourcecode.swift; path = ExercisesViewModel.swift; sourceTree = "<group>"; };
		20193B3A2BC63FCE00FDFBCF /* Shape_FYP.entitlements */ = {isa = PBXFileReference; lastKnownFileType = text.plist.entitlements; path = Shape_FYP.entitlements; sourceTree = "<group>"; };
		20193B3B2BC6401D00FDFBCF /* Shape-FYP-Info.plist */ = {isa = PBXFileReference; lastKnownFileType = text.plist; path = "Shape-FYP-Info.plist"; sourceTree = SOURCE_ROOT; };
		203AD5F92BC552C700FBAA09 /* HomeView.swift */ = {isa = PBXFileReference; lastKnownFileType = sourcecode.swift; path = HomeView.swift; sourceTree = "<group>"; };
		205D5A322B9ED7EF00C7363C /* RegisterView.swift */ = {isa = PBXFileReference; fileEncoding = 4; lastKnownFileType = sourcecode.swift; path = RegisterView.swift; sourceTree = "<group>"; };
		205E11C32BEA9B4C0045115A /* CountDownView.swift */ = {isa = PBXFileReference; lastKnownFileType = sourcecode.swift; path = CountDownView.swift; sourceTree = "<group>"; };
		205E11C52BEB36C10045115A /* S_last.mlpackage */ = {isa = PBXFileReference; lastKnownFileType = folder.mlpackage; path = S_last.mlpackage; sourceTree = "<group>"; };
		206D0EF42BC3AF06002D1812 /* ResultView.swift */ = {isa = PBXFileReference; lastKnownFileType = sourcecode.swift; path = ResultView.swift; sourceTree = "<group>"; };
		206D0EF62BC3AF10002D1812 /* HistoryView.swift */ = {isa = PBXFileReference; lastKnownFileType = sourcecode.swift; path = HistoryView.swift; sourceTree = "<group>"; };
		209D52942BE36C6B00FBC84A /* HistoryInfoView.swift */ = {isa = PBXFileReference; lastKnownFileType = sourcecode.swift; path = HistoryInfoView.swift; sourceTree = "<group>"; };
		20B5A0562BA1801600A17869 /* HistoryViewModel.swift */ = {isa = PBXFileReference; lastKnownFileType = sourcecode.swift; path = HistoryViewModel.swift; sourceTree = "<group>"; };
		20B5A0582BA1802200A17869 /* History.swift */ = {isa = PBXFileReference; lastKnownFileType = sourcecode.swift; path = History.swift; sourceTree = "<group>"; };
		20B5A05A2BA181DD00A17869 /* Exercises.swift */ = {isa = PBXFileReference; lastKnownFileType = sourcecode.swift; path = Exercises.swift; sourceTree = "<group>"; };
		20F8F4D72B9DFE5F00447299 /* Shape_FYP.app */ = {isa = PBXFileReference; explicitFileType = wrapper.application; includeInIndex = 0; path = Shape_FYP.app; sourceTree = BUILT_PRODUCTS_DIR; };
		20F8F4DE2B9DFE6100447299 /* Assets.xcassets */ = {isa = PBXFileReference; lastKnownFileType = folder.assetcatalog; path = Assets.xcassets; sourceTree = "<group>"; };
		20F8F4E12B9DFE6100447299 /* Preview Assets.xcassets */ = {isa = PBXFileReference; lastKnownFileType = folder.assetcatalog; path = "Preview Assets.xcassets"; sourceTree = "<group>"; };
		20F8F4E72B9DFE6100447299 /* Shape_FYPTests.xctest */ = {isa = PBXFileReference; explicitFileType = wrapper.cfbundle; includeInIndex = 0; path = Shape_FYPTests.xctest; sourceTree = BUILT_PRODUCTS_DIR; };
		20F8F4EB2B9DFE6100447299 /* Shape_FYPTests.swift */ = {isa = PBXFileReference; lastKnownFileType = sourcecode.swift; path = Shape_FYPTests.swift; sourceTree = "<group>"; };
		20F8F4F12B9DFE6100447299 /* Shape_FYPUITests.xctest */ = {isa = PBXFileReference; explicitFileType = wrapper.cfbundle; includeInIndex = 0; path = Shape_FYPUITests.xctest; sourceTree = BUILT_PRODUCTS_DIR; };
		20F8F4F52B9DFE6100447299 /* Shape_FYPUITests.swift */ = {isa = PBXFileReference; lastKnownFileType = sourcecode.swift; path = Shape_FYPUITests.swift; sourceTree = "<group>"; };
		20F8F4F72B9DFE6100447299 /* Shape_FYPUITestsLaunchTests.swift */ = {isa = PBXFileReference; lastKnownFileType = sourcecode.swift; path = Shape_FYPUITestsLaunchTests.swift; sourceTree = "<group>"; };
		20F8F5042B9DFE7700447299 /* CameraPreview.swift */ = {isa = PBXFileReference; fileEncoding = 4; lastKnownFileType = sourcecode.swift; path = CameraPreview.swift; sourceTree = "<group>"; };
		20F8F5052B9DFE7700447299 /* CameraView.swift */ = {isa = PBXFileReference; fileEncoding = 4; lastKnownFileType = sourcecode.swift; path = CameraView.swift; sourceTree = "<group>"; };
		20F8F5062B9DFE7700447299 /* DetectedObjectsView.swift */ = {isa = PBXFileReference; fileEncoding = 4; lastKnownFileType = sourcecode.swift; path = DetectedObjectsView.swift; sourceTree = "<group>"; };
		20F8F5072B9DFE7700447299 /* DetectionView.swift */ = {isa = PBXFileReference; fileEncoding = 4; lastKnownFileType = sourcecode.swift; path = DetectionView.swift; sourceTree = "<group>"; };
		20F8F5092B9DFE7700447299 /* LoginView.swift */ = {isa = PBXFileReference; fileEncoding = 4; lastKnownFileType = sourcecode.swift; path = LoginView.swift; sourceTree = "<group>"; };
		20F8F50B2B9DFE7700447299 /* ContentView.swift */ = {isa = PBXFileReference; fileEncoding = 4; lastKnownFileType = sourcecode.swift; path = ContentView.swift; sourceTree = "<group>"; };
		20F8F50D2B9DFE7700447299 /* LoginViewModel.swift */ = {isa = PBXFileReference; fileEncoding = 4; lastKnownFileType = sourcecode.swift; path = LoginViewModel.swift; sourceTree = "<group>"; };
		20F8F50F2B9DFE7700447299 /* Shape_FYPApp.swift */ = {isa = PBXFileReference; fileEncoding = 4; lastKnownFileType = sourcecode.swift; path = Shape_FYPApp.swift; sourceTree = "<group>"; };
		20F8F5132B9DFE7A00447299 /* GoogleService-Info.plist */ = {isa = PBXFileReference; fileEncoding = 4; lastKnownFileType = text.plist.xml; path = "GoogleService-Info.plist"; sourceTree = "<group>"; };
		20F8F5142B9DFE7A00447299 /* User.swift */ = {isa = PBXFileReference; fileEncoding = 4; lastKnownFileType = sourcecode.swift; path = User.swift; sourceTree = "<group>"; };
/* End PBXFileReference section */

/* Begin PBXFrameworksBuildPhase section */
		20F8F4D42B9DFE5F00447299 /* Frameworks */ = {
			isa = PBXFrameworksBuildPhase;
			buildActionMask = 2147483647;
			files = (
				20F8F52E2B9DFEBD00447299 /* FirebaseDatabaseSwift in Frameworks */,
				20F8F52C2B9DFEBD00447299 /* FirebaseDatabase in Frameworks */,
				20F8F5342B9DFEBD00447299 /* FirebaseStorage in Frameworks */,
				20F8F5262B9DFEBD00447299 /* FirebaseAnalyticsSwift in Frameworks */,
				20F8F5282B9DFEBD00447299 /* FirebaseAppCheck in Frameworks */,
				20F8F5242B9DFEBD00447299 /* FirebaseAnalytics in Frameworks */,
				20F8F52A2B9DFEBD00447299 /* FirebaseAuth in Frameworks */,
				20F8F5302B9DFEBD00447299 /* FirebaseFirestore in Frameworks */,
				20F8F5322B9DFEBD00447299 /* FirebaseFirestoreSwift in Frameworks */,
			);
			runOnlyForDeploymentPostprocessing = 0;
		};
		20F8F4E42B9DFE6100447299 /* Frameworks */ = {
			isa = PBXFrameworksBuildPhase;
			buildActionMask = 2147483647;
			files = (
			);
			runOnlyForDeploymentPostprocessing = 0;
		};
		20F8F4EE2B9DFE6100447299 /* Frameworks */ = {
			isa = PBXFrameworksBuildPhase;
			buildActionMask = 2147483647;
			files = (
			);
			runOnlyForDeploymentPostprocessing = 0;
		};
/* End PBXFrameworksBuildPhase section */

/* Begin PBXGroup section */
		206D0EF22BC3AEB2002D1812 /* History */ = {
			isa = PBXGroup;
			children = (
				206D0EF62BC3AF10002D1812 /* HistoryView.swift */,
				209D52942BE36C6B00FBC84A /* HistoryInfoView.swift */,
			);
			path = History;
			sourceTree = "<group>";
		};
		206D0EF32BC3AEBE002D1812 /* Result */ = {
			isa = PBXGroup;
			children = (
				206D0EF42BC3AF06002D1812 /* ResultView.swift */,
			);
			path = Result;
			sourceTree = "<group>";
		};
		20F8F4CE2B9DFE5F00447299 = {
			isa = PBXGroup;
			children = (
				20F8F4D92B9DFE5F00447299 /* Shape_FYP */,
				20F8F4EA2B9DFE6100447299 /* Shape_FYPTests */,
				20F8F4F42B9DFE6100447299 /* Shape_FYPUITests */,
				20F8F4D82B9DFE5F00447299 /* Products */,
			);
			sourceTree = "<group>";
		};
		20F8F4D82B9DFE5F00447299 /* Products */ = {
			isa = PBXGroup;
			children = (
				20F8F4D72B9DFE5F00447299 /* Shape_FYP.app */,
				20F8F4E72B9DFE6100447299 /* Shape_FYPTests.xctest */,
				20F8F4F12B9DFE6100447299 /* Shape_FYPUITests.xctest */,
			);
			name = Products;
			sourceTree = "<group>";
		};
		20F8F4D92B9DFE5F00447299 /* Shape_FYP */ = {
			isa = PBXGroup;
			children = (
				20193B3B2BC6401D00FDFBCF /* Shape-FYP-Info.plist */,
				20193B3A2BC63FCE00FDFBCF /* Shape_FYP.entitlements */,
				20F8F50F2B9DFE7700447299 /* Shape_FYPApp.swift */,
				20F8F5122B9DFE7A00447299 /* CoreModel */,
				20F8F5152B9DFE7A00447299 /* Model */,
				20F8F50C2B9DFE7700447299 /* View */,
				20F8F50E2B9DFE7700447299 /* ViewModel */,
				20F8F4DE2B9DFE6100447299 /* Assets.xcassets */,
				20F8F5132B9DFE7A00447299 /* GoogleService-Info.plist */,
				20F8F4E02B9DFE6100447299 /* Preview Content */,
			);
			path = Shape_FYP;
			sourceTree = "<group>";
		};
		20F8F4E02B9DFE6100447299 /* Preview Content */ = {
			isa = PBXGroup;
			children = (
				20F8F4E12B9DFE6100447299 /* Preview Assets.xcassets */,
			);
			path = "Preview Content";
			sourceTree = "<group>";
		};
		20F8F4EA2B9DFE6100447299 /* Shape_FYPTests */ = {
			isa = PBXGroup;
			children = (
				20F8F4EB2B9DFE6100447299 /* Shape_FYPTests.swift */,
			);
			path = Shape_FYPTests;
			sourceTree = "<group>";
		};
		20F8F4F42B9DFE6100447299 /* Shape_FYPUITests */ = {
			isa = PBXGroup;
			children = (
				20F8F4F52B9DFE6100447299 /* Shape_FYPUITests.swift */,
				20F8F4F72B9DFE6100447299 /* Shape_FYPUITestsLaunchTests.swift */,
			);
			path = Shape_FYPUITests;
			sourceTree = "<group>";
		};
		20F8F5082B9DFE7700447299 /* DetectView */ = {
			isa = PBXGroup;
			children = (
				20F8F5042B9DFE7700447299 /* CameraPreview.swift */,
				20F8F5052B9DFE7700447299 /* CameraView.swift */,
				20F8F5062B9DFE7700447299 /* DetectedObjectsView.swift */,
				20F8F5072B9DFE7700447299 /* DetectionView.swift */,
				205E11C32BEA9B4C0045115A /* CountDownView.swift */,
			);
			path = DetectView;
			sourceTree = "<group>";
		};
		20F8F50A2B9DFE7700447299 /* Login */ = {
			isa = PBXGroup;
			children = (
				20F8F5092B9DFE7700447299 /* LoginView.swift */,
				205D5A322B9ED7EF00C7363C /* RegisterView.swift */,
			);
			path = Login;
			sourceTree = "<group>";
		};
		20F8F50C2B9DFE7700447299 /* View */ = {
			isa = PBXGroup;
			children = (
				20F8F50B2B9DFE7700447299 /* ContentView.swift */,
				203AD5F92BC552C700FBAA09 /* HomeView.swift */,
				20F8F50A2B9DFE7700447299 /* Login */,
				20F8F5082B9DFE7700447299 /* DetectView */,
				206D0EF32BC3AEBE002D1812 /* Result */,
				206D0EF22BC3AEB2002D1812 /* History */,
			);
			path = View;
			sourceTree = "<group>";
		};
		20F8F50E2B9DFE7700447299 /* ViewModel */ = {
			isa = PBXGroup;
			children = (
				20F8F50D2B9DFE7700447299 /* LoginViewModel.swift */,
				20B5A0562BA1801600A17869 /* HistoryViewModel.swift */,
				20193B382BC580BF00FDFBCF /* ExercisesViewModel.swift */,
			);
			path = ViewModel;
			sourceTree = "<group>";
		};
		20F8F5122B9DFE7A00447299 /* CoreModel */ = {
			isa = PBXGroup;
			children = (
				205E11C52BEB36C10045115A /* S_last.mlpackage */,
				201655962BE78B8E00D61B79 /* P_last.mlpackage */,
			);
			path = CoreModel;
			sourceTree = "<group>";
		};
		20F8F5152B9DFE7A00447299 /* Model */ = {
			isa = PBXGroup;
			children = (
				20F8F5142B9DFE7A00447299 /* User.swift */,
				20B5A0582BA1802200A17869 /* History.swift */,
				20B5A05A2BA181DD00A17869 /* Exercises.swift */,
			);
			path = Model;
			sourceTree = "<group>";
		};
/* End PBXGroup section */

/* Begin PBXNativeTarget section */
		20F8F4D62B9DFE5F00447299 /* Shape_FYP */ = {
			isa = PBXNativeTarget;
			buildConfigurationList = 20F8F4FB2B9DFE6100447299 /* Build configuration list for PBXNativeTarget "Shape_FYP" */;
			buildPhases = (
				20F8F4D32B9DFE5F00447299 /* Sources */,
				20F8F4D42B9DFE5F00447299 /* Frameworks */,
				20F8F4D52B9DFE5F00447299 /* Resources */,
			);
			buildRules = (
			);
			dependencies = (
			);
			name = Shape_FYP;
			packageProductDependencies = (
				20F8F5232B9DFEBD00447299 /* FirebaseAnalytics */,
				20F8F5252B9DFEBD00447299 /* FirebaseAnalyticsSwift */,
				20F8F5272B9DFEBD00447299 /* FirebaseAppCheck */,
				20F8F5292B9DFEBD00447299 /* FirebaseAuth */,
				20F8F52B2B9DFEBD00447299 /* FirebaseDatabase */,
				20F8F52D2B9DFEBD00447299 /* FirebaseDatabaseSwift */,
				20F8F52F2B9DFEBD00447299 /* FirebaseFirestore */,
				20F8F5312B9DFEBD00447299 /* FirebaseFirestoreSwift */,
				20F8F5332B9DFEBD00447299 /* FirebaseStorage */,
			);
			productName = Shape_FYP;
			productReference = 20F8F4D72B9DFE5F00447299 /* Shape_FYP.app */;
			productType = "com.apple.product-type.application";
		};
		20F8F4E62B9DFE6100447299 /* Shape_FYPTests */ = {
			isa = PBXNativeTarget;
			buildConfigurationList = 20F8F4FE2B9DFE6100447299 /* Build configuration list for PBXNativeTarget "Shape_FYPTests" */;
			buildPhases = (
				20F8F4E32B9DFE6100447299 /* Sources */,
				20F8F4E42B9DFE6100447299 /* Frameworks */,
				20F8F4E52B9DFE6100447299 /* Resources */,
			);
			buildRules = (
			);
			dependencies = (
				20F8F4E92B9DFE6100447299 /* PBXTargetDependency */,
			);
			name = Shape_FYPTests;
			productName = Shape_FYPTests;
			productReference = 20F8F4E72B9DFE6100447299 /* Shape_FYPTests.xctest */;
			productType = "com.apple.product-type.bundle.unit-test";
		};
		20F8F4F02B9DFE6100447299 /* Shape_FYPUITests */ = {
			isa = PBXNativeTarget;
			buildConfigurationList = 20F8F5012B9DFE6100447299 /* Build configuration list for PBXNativeTarget "Shape_FYPUITests" */;
			buildPhases = (
				20F8F4ED2B9DFE6100447299 /* Sources */,
				20F8F4EE2B9DFE6100447299 /* Frameworks */,
				20F8F4EF2B9DFE6100447299 /* Resources */,
			);
			buildRules = (
			);
			dependencies = (
				20F8F4F32B9DFE6100447299 /* PBXTargetDependency */,
			);
			name = Shape_FYPUITests;
			productName = Shape_FYPUITests;
			productReference = 20F8F4F12B9DFE6100447299 /* Shape_FYPUITests.xctest */;
			productType = "com.apple.product-type.bundle.ui-testing";
		};
/* End PBXNativeTarget section */

/* Begin PBXProject section */
		20F8F4CF2B9DFE5F00447299 /* Project object */ = {
			isa = PBXProject;
			attributes = {
				BuildIndependentTargetsInParallel = 1;
				LastSwiftUpdateCheck = 1530;
				LastUpgradeCheck = 1530;
				TargetAttributes = {
					20F8F4D62B9DFE5F00447299 = {
						CreatedOnToolsVersion = 15.3;
					};
					20F8F4E62B9DFE6100447299 = {
						CreatedOnToolsVersion = 15.3;
						TestTargetID = 20F8F4D62B9DFE5F00447299;
					};
					20F8F4F02B9DFE6100447299 = {
						CreatedOnToolsVersion = 15.3;
						TestTargetID = 20F8F4D62B9DFE5F00447299;
					};
				};
			};
			buildConfigurationList = 20F8F4D22B9DFE5F00447299 /* Build configuration list for PBXProject "Shape_FYP" */;
			compatibilityVersion = "Xcode 14.0";
			developmentRegion = en;
			hasScannedForEncodings = 0;
			knownRegions = (
				en,
				Base,
			);
			mainGroup = 20F8F4CE2B9DFE5F00447299;
			packageReferences = (
				20F8F5222B9DFEBD00447299 /* XCRemoteSwiftPackageReference "firebase-ios-sdk" */,
			);
			productRefGroup = 20F8F4D82B9DFE5F00447299 /* Products */;
			projectDirPath = "";
			projectRoot = "";
			targets = (
				20F8F4D62B9DFE5F00447299 /* Shape_FYP */,
				20F8F4E62B9DFE6100447299 /* Shape_FYPTests */,
				20F8F4F02B9DFE6100447299 /* Shape_FYPUITests */,
			);
		};
/* End PBXProject section */

/* Begin PBXResourcesBuildPhase section */
		20F8F4D52B9DFE5F00447299 /* Resources */ = {
			isa = PBXResourcesBuildPhase;
			buildActionMask = 2147483647;
			files = (
				20F8F4E22B9DFE6100447299 /* Preview Assets.xcassets in Resources */,
				20F8F4DF2B9DFE6100447299 /* Assets.xcassets in Resources */,
				20F8F5202B9DFE7A00447299 /* GoogleService-Info.plist in Resources */,
			);
			runOnlyForDeploymentPostprocessing = 0;
		};
		20F8F4E52B9DFE6100447299 /* Resources */ = {
			isa = PBXResourcesBuildPhase;
			buildActionMask = 2147483647;
			files = (
			);
			runOnlyForDeploymentPostprocessing = 0;
		};
		20F8F4EF2B9DFE6100447299 /* Resources */ = {
			isa = PBXResourcesBuildPhase;
			buildActionMask = 2147483647;
			files = (
			);
			runOnlyForDeploymentPostprocessing = 0;
		};
/* End PBXResourcesBuildPhase section */

/* Begin PBXSourcesBuildPhase section */
		20F8F4D32B9DFE5F00447299 /* Sources */ = {
			isa = PBXSourcesBuildPhase;
			buildActionMask = 2147483647;
			files = (
				20F8F5212B9DFE7A00447299 /* User.swift in Sources */,
				20193B392BC580BF00FDFBCF /* ExercisesViewModel.swift in Sources */,
				20F8F5162B9DFE7A00447299 /* CameraPreview.swift in Sources */,
				20B5A0592BA1802200A17869 /* History.swift in Sources */,
				20F8F51A2B9DFE7A00447299 /* LoginView.swift in Sources */,
				20F8F51B2B9DFE7A00447299 /* ContentView.swift in Sources */,
				20B5A05B2BA181DD00A17869 /* Exercises.swift in Sources */,
				20F8F51D2B9DFE7A00447299 /* Shape_FYPApp.swift in Sources */,
				20F8F5192B9DFE7A00447299 /* DetectionView.swift in Sources */,
				201655972BE78B8E00D61B79 /* P_last.mlpackage in Sources */,
				209D52952BE36C6B00FBC84A /* HistoryInfoView.swift in Sources */,
				20F8F5172B9DFE7A00447299 /* CameraView.swift in Sources */,
				203AD5FA2BC552C700FBAA09 /* HomeView.swift in Sources */,
				205E11C42BEA9B4C0045115A /* CountDownView.swift in Sources */,
				206D0EF52BC3AF06002D1812 /* ResultView.swift in Sources */,
				206D0EF72BC3AF10002D1812 /* HistoryView.swift in Sources */,
				205D5A332B9ED7EF00C7363C /* RegisterView.swift in Sources */,
				205E11C62BEB36C10045115A /* S_last.mlpackage in Sources */,
				20F8F5182B9DFE7A00447299 /* DetectedObjectsView.swift in Sources */,
				20B5A0572BA1801600A17869 /* HistoryViewModel.swift in Sources */,
				20F8F51C2B9DFE7A00447299 /* LoginViewModel.swift in Sources */,
			);
			runOnlyForDeploymentPostprocessing = 0;
		};
		20F8F4E32B9DFE6100447299 /* Sources */ = {
			isa = PBXSourcesBuildPhase;
			buildActionMask = 2147483647;
			files = (
				20F8F4EC2B9DFE6100447299 /* Shape_FYPTests.swift in Sources */,
			);
			runOnlyForDeploymentPostprocessing = 0;
		};
		20F8F4ED2B9DFE6100447299 /* Sources */ = {
			isa = PBXSourcesBuildPhase;
			buildActionMask = 2147483647;
			files = (
				20F8F4F82B9DFE6100447299 /* Shape_FYPUITestsLaunchTests.swift in Sources */,
				20F8F4F62B9DFE6100447299 /* Shape_FYPUITests.swift in Sources */,
			);
			runOnlyForDeploymentPostprocessing = 0;
		};
/* End PBXSourcesBuildPhase section */

/* Begin PBXTargetDependency section */
		20F8F4E92B9DFE6100447299 /* PBXTargetDependency */ = {
			isa = PBXTargetDependency;
			target = 20F8F4D62B9DFE5F00447299 /* Shape_FYP */;
			targetProxy = 20F8F4E82B9DFE6100447299 /* PBXContainerItemProxy */;
		};
		20F8F4F32B9DFE6100447299 /* PBXTargetDependency */ = {
			isa = PBXTargetDependency;
			target = 20F8F4D62B9DFE5F00447299 /* Shape_FYP */;
			targetProxy = 20F8F4F22B9DFE6100447299 /* PBXContainerItemProxy */;
		};
/* End PBXTargetDependency section */

/* Begin XCBuildConfiguration section */
		20F8F4F92B9DFE6100447299 /* Debug */ = {
			isa = XCBuildConfiguration;
			buildSettings = {
				ALWAYS_SEARCH_USER_PATHS = NO;
				ASSETCATALOG_COMPILER_GENERATE_SWIFT_ASSET_SYMBOL_EXTENSIONS = YES;
				CLANG_ANALYZER_NONNULL = YES;
				CLANG_ANALYZER_NUMBER_OBJECT_CONVERSION = YES_AGGRESSIVE;
				CLANG_CXX_LANGUAGE_STANDARD = "gnu++20";
				CLANG_ENABLE_MODULES = YES;
				CLANG_ENABLE_OBJC_ARC = YES;
				CLANG_ENABLE_OBJC_WEAK = YES;
				CLANG_WARN_BLOCK_CAPTURE_AUTORELEASING = YES;
				CLANG_WARN_BOOL_CONVERSION = YES;
				CLANG_WARN_COMMA = YES;
				CLANG_WARN_CONSTANT_CONVERSION = YES;
				CLANG_WARN_DEPRECATED_OBJC_IMPLEMENTATIONS = YES;
				CLANG_WARN_DIRECT_OBJC_ISA_USAGE = YES_ERROR;
				CLANG_WARN_DOCUMENTATION_COMMENTS = YES;
				CLANG_WARN_EMPTY_BODY = YES;
				CLANG_WARN_ENUM_CONVERSION = YES;
				CLANG_WARN_INFINITE_RECURSION = YES;
				CLANG_WARN_INT_CONVERSION = YES;
				CLANG_WARN_NON_LITERAL_NULL_CONVERSION = YES;
				CLANG_WARN_OBJC_IMPLICIT_RETAIN_SELF = YES;
				CLANG_WARN_OBJC_LITERAL_CONVERSION = YES;
				CLANG_WARN_OBJC_ROOT_CLASS = YES_ERROR;
				CLANG_WARN_QUOTED_INCLUDE_IN_FRAMEWORK_HEADER = YES;
				CLANG_WARN_RANGE_LOOP_ANALYSIS = YES;
				CLANG_WARN_STRICT_PROTOTYPES = YES;
				CLANG_WARN_SUSPICIOUS_MOVE = YES;
				CLANG_WARN_UNGUARDED_AVAILABILITY = YES_AGGRESSIVE;
				CLANG_WARN_UNREACHABLE_CODE = YES;
				CLANG_WARN__DUPLICATE_METHOD_MATCH = YES;
				COPY_PHASE_STRIP = NO;
				DEBUG_INFORMATION_FORMAT = dwarf;
				ENABLE_STRICT_OBJC_MSGSEND = YES;
				ENABLE_TESTABILITY = YES;
				ENABLE_USER_SCRIPT_SANDBOXING = YES;
				GCC_C_LANGUAGE_STANDARD = gnu17;
				GCC_DYNAMIC_NO_PIC = NO;
				GCC_NO_COMMON_BLOCKS = YES;
				GCC_OPTIMIZATION_LEVEL = 0;
				GCC_PREPROCESSOR_DEFINITIONS = (
					"DEBUG=1",
					"$(inherited)",
				);
				GCC_WARN_64_TO_32_BIT_CONVERSION = YES;
				GCC_WARN_ABOUT_RETURN_TYPE = YES_ERROR;
				GCC_WARN_UNDECLARED_SELECTOR = YES;
				GCC_WARN_UNINITIALIZED_AUTOS = YES_AGGRESSIVE;
				GCC_WARN_UNUSED_FUNCTION = YES;
				GCC_WARN_UNUSED_VARIABLE = YES;
				IPHONEOS_DEPLOYMENT_TARGET = 17.4;
				LOCALIZATION_PREFERS_STRING_CATALOGS = YES;
				MTL_ENABLE_DEBUG_INFO = INCLUDE_SOURCE;
				MTL_FAST_MATH = YES;
				ONLY_ACTIVE_ARCH = YES;
				SDKROOT = iphoneos;
				SWIFT_ACTIVE_COMPILATION_CONDITIONS = "DEBUG $(inherited)";
				SWIFT_OPTIMIZATION_LEVEL = "-Onone";
			};
			name = Debug;
		};
		20F8F4FA2B9DFE6100447299 /* Release */ = {
			isa = XCBuildConfiguration;
			buildSettings = {
				ALWAYS_SEARCH_USER_PATHS = NO;
				ASSETCATALOG_COMPILER_GENERATE_SWIFT_ASSET_SYMBOL_EXTENSIONS = YES;
				CLANG_ANALYZER_NONNULL = YES;
				CLANG_ANALYZER_NUMBER_OBJECT_CONVERSION = YES_AGGRESSIVE;
				CLANG_CXX_LANGUAGE_STANDARD = "gnu++20";
				CLANG_ENABLE_MODULES = YES;
				CLANG_ENABLE_OBJC_ARC = YES;
				CLANG_ENABLE_OBJC_WEAK = YES;
				CLANG_WARN_BLOCK_CAPTURE_AUTORELEASING = YES;
				CLANG_WARN_BOOL_CONVERSION = YES;
				CLANG_WARN_COMMA = YES;
				CLANG_WARN_CONSTANT_CONVERSION = YES;
				CLANG_WARN_DEPRECATED_OBJC_IMPLEMENTATIONS = YES;
				CLANG_WARN_DIRECT_OBJC_ISA_USAGE = YES_ERROR;
				CLANG_WARN_DOCUMENTATION_COMMENTS = YES;
				CLANG_WARN_EMPTY_BODY = YES;
				CLANG_WARN_ENUM_CONVERSION = YES;
				CLANG_WARN_INFINITE_RECURSION = YES;
				CLANG_WARN_INT_CONVERSION = YES;
				CLANG_WARN_NON_LITERAL_NULL_CONVERSION = YES;
				CLANG_WARN_OBJC_IMPLICIT_RETAIN_SELF = YES;
				CLANG_WARN_OBJC_LITERAL_CONVERSION = YES;
				CLANG_WARN_OBJC_ROOT_CLASS = YES_ERROR;
				CLANG_WARN_QUOTED_INCLUDE_IN_FRAMEWORK_HEADER = YES;
				CLANG_WARN_RANGE_LOOP_ANALYSIS = YES;
				CLANG_WARN_STRICT_PROTOTYPES = YES;
				CLANG_WARN_SUSPICIOUS_MOVE = YES;
				CLANG_WARN_UNGUARDED_AVAILABILITY = YES_AGGRESSIVE;
				CLANG_WARN_UNREACHABLE_CODE = YES;
				CLANG_WARN__DUPLICATE_METHOD_MATCH = YES;
				COPY_PHASE_STRIP = NO;
				DEBUG_INFORMATION_FORMAT = "dwarf-with-dsym";
				ENABLE_NS_ASSERTIONS = NO;
				ENABLE_STRICT_OBJC_MSGSEND = YES;
				ENABLE_USER_SCRIPT_SANDBOXING = YES;
				GCC_C_LANGUAGE_STANDARD = gnu17;
				GCC_NO_COMMON_BLOCKS = YES;
				GCC_WARN_64_TO_32_BIT_CONVERSION = YES;
				GCC_WARN_ABOUT_RETURN_TYPE = YES_ERROR;
				GCC_WARN_UNDECLARED_SELECTOR = YES;
				GCC_WARN_UNINITIALIZED_AUTOS = YES_AGGRESSIVE;
				GCC_WARN_UNUSED_FUNCTION = YES;
				GCC_WARN_UNUSED_VARIABLE = YES;
				IPHONEOS_DEPLOYMENT_TARGET = 17.4;
				LOCALIZATION_PREFERS_STRING_CATALOGS = YES;
				MTL_ENABLE_DEBUG_INFO = NO;
				MTL_FAST_MATH = YES;
				SDKROOT = iphoneos;
				SWIFT_COMPILATION_MODE = wholemodule;
				VALIDATE_PRODUCT = YES;
			};
			name = Release;
		};
		20F8F4FC2B9DFE6100447299 /* Debug */ = {
			isa = XCBuildConfiguration;
			buildSettings = {
				ASSETCATALOG_COMPILER_APPICON_NAME = AppIcon;
				ASSETCATALOG_COMPILER_GLOBAL_ACCENT_COLOR_NAME = AccentColor;
				CODE_SIGN_ENTITLEMENTS = Shape_FYP/Shape_FYP.entitlements;
				CODE_SIGN_STYLE = Automatic;
				CURRENT_PROJECT_VERSION = 1;
				DEVELOPMENT_ASSET_PATHS = "\"Shape_FYP/Preview Content\"";
				DEVELOPMENT_TEAM = N7Z7BVW7UA;
				ENABLE_PREVIEWS = YES;
				GENERATE_INFOPLIST_FILE = YES;
				INFOPLIST_FILE = "Shape-FYP-Info.plist";
				INFOPLIST_KEY_NSCameraUsageDescription = Camera;
				INFOPLIST_KEY_NSHealthClinicalHealthRecordsShareUsageDescription = "We use HealthKit to track your heart rate during exercise sessions.";
				INFOPLIST_KEY_NSHealthShareUsageDescription = "We use HealthKit to track your heart rate during exercise sessions.";
				INFOPLIST_KEY_NSHealthUpdateUsageDescription = "We use HealthKit to track your heart rate during exercise sessions.";
				INFOPLIST_KEY_UIApplicationSceneManifest_Generation = YES;
				INFOPLIST_KEY_UIApplicationSupportsIndirectInputEvents = YES;
				INFOPLIST_KEY_UILaunchScreen_Generation = YES;
				INFOPLIST_KEY_UISupportedInterfaceOrientations_iPad = "UIInterfaceOrientationPortrait UIInterfaceOrientationPortraitUpsideDown UIInterfaceOrientationLandscapeLeft UIInterfaceOrientationLandscapeRight";
				INFOPLIST_KEY_UISupportedInterfaceOrientations_iPhone = "UIInterfaceOrientationPortrait UIInterfaceOrientationLandscapeLeft UIInterfaceOrientationLandscapeRight";
				LD_RUNPATH_SEARCH_PATHS = (
					"$(inherited)",
					"@executable_path/Frameworks",
				);
				MARKETING_VERSION = 1.0;
				OTHER_LDFLAGS = "-ObjC";
				PRODUCT_BUNDLE_IDENTIFIER = "hk.edu.shape.FYP-YOLO";
				PRODUCT_NAME = "$(TARGET_NAME)";
				SWIFT_EMIT_LOC_STRINGS = YES;
				SWIFT_VERSION = 5.0;
				TARGETED_DEVICE_FAMILY = "1,2";
			};
			name = Debug;
		};
		20F8F4FD2B9DFE6100447299 /* Release */ = {
			isa = XCBuildConfiguration;
			buildSettings = {
				ASSETCATALOG_COMPILER_APPICON_NAME = AppIcon;
				ASSETCATALOG_COMPILER_GLOBAL_ACCENT_COLOR_NAME = AccentColor;
				CODE_SIGN_ENTITLEMENTS = Shape_FYP/Shape_FYP.entitlements;
				CODE_SIGN_STYLE = Automatic;
				CURRENT_PROJECT_VERSION = 1;
				DEVELOPMENT_ASSET_PATHS = "\"Shape_FYP/Preview Content\"";
				DEVELOPMENT_TEAM = N7Z7BVW7UA;
				ENABLE_PREVIEWS = YES;
				GENERATE_INFOPLIST_FILE = YES;
				INFOPLIST_FILE = "Shape-FYP-Info.plist";
				INFOPLIST_KEY_NSCameraUsageDescription = Camera;
				INFOPLIST_KEY_NSHealthClinicalHealthRecordsShareUsageDescription = "We use HealthKit to track your heart rate during exercise sessions.";
				INFOPLIST_KEY_NSHealthShareUsageDescription = "We use HealthKit to track your heart rate during exercise sessions.";
				INFOPLIST_KEY_NSHealthUpdateUsageDescription = "We use HealthKit to track your heart rate during exercise sessions.";
				INFOPLIST_KEY_UIApplicationSceneManifest_Generation = YES;
				INFOPLIST_KEY_UIApplicationSupportsIndirectInputEvents = YES;
				INFOPLIST_KEY_UILaunchScreen_Generation = YES;
				INFOPLIST_KEY_UISupportedInterfaceOrientations_iPad = "UIInterfaceOrientationPortrait UIInterfaceOrientationPortraitUpsideDown UIInterfaceOrientationLandscapeLeft UIInterfaceOrientationLandscapeRight";
				INFOPLIST_KEY_UISupportedInterfaceOrientations_iPhone = "UIInterfaceOrientationPortrait UIInterfaceOrientationLandscapeLeft UIInterfaceOrientationLandscapeRight";
				LD_RUNPATH_SEARCH_PATHS = (
					"$(inherited)",
					"@executable_path/Frameworks",
				);
				MARKETING_VERSION = 1.0;
				OTHER_LDFLAGS = "-ObjC";
				PRODUCT_BUNDLE_IDENTIFIER = "hk.edu.shape.FYP-YOLO";
				PRODUCT_NAME = "$(TARGET_NAME)";
				SWIFT_EMIT_LOC_STRINGS = YES;
				SWIFT_VERSION = 5.0;
				TARGETED_DEVICE_FAMILY = "1,2";
			};
			name = Release;
		};
		20F8F4FF2B9DFE6100447299 /* Debug */ = {
			isa = XCBuildConfiguration;
			buildSettings = {
				ALWAYS_EMBED_SWIFT_STANDARD_LIBRARIES = YES;
				BUNDLE_LOADER = "$(TEST_HOST)";
				CODE_SIGN_STYLE = Automatic;
				CURRENT_PROJECT_VERSION = 1;
				DEVELOPMENT_TEAM = N7Z7BVW7UA;
				GENERATE_INFOPLIST_FILE = YES;
				IPHONEOS_DEPLOYMENT_TARGET = 17.4;
				MARKETING_VERSION = 1.0;
				PRODUCT_BUNDLE_IDENTIFIER = "hk.edu.shape.Shape-FYPTests";
				PRODUCT_NAME = "$(TARGET_NAME)";
				SWIFT_EMIT_LOC_STRINGS = NO;
				SWIFT_VERSION = 5.0;
				TARGETED_DEVICE_FAMILY = "1,2";
				TEST_HOST = "$(BUILT_PRODUCTS_DIR)/Shape_FYP.app/$(BUNDLE_EXECUTABLE_FOLDER_PATH)/Shape_FYP";
			};
			name = Debug;
		};
		20F8F5002B9DFE6100447299 /* Release */ = {
			isa = XCBuildConfiguration;
			buildSettings = {
				ALWAYS_EMBED_SWIFT_STANDARD_LIBRARIES = YES;
				BUNDLE_LOADER = "$(TEST_HOST)";
				CODE_SIGN_STYLE = Automatic;
				CURRENT_PROJECT_VERSION = 1;
				DEVELOPMENT_TEAM = N7Z7BVW7UA;
				GENERATE_INFOPLIST_FILE = YES;
				IPHONEOS_DEPLOYMENT_TARGET = 17.4;
				MARKETING_VERSION = 1.0;
				PRODUCT_BUNDLE_IDENTIFIER = "hk.edu.shape.Shape-FYPTests";
				PRODUCT_NAME = "$(TARGET_NAME)";
				SWIFT_EMIT_LOC_STRINGS = NO;
				SWIFT_VERSION = 5.0;
				TARGETED_DEVICE_FAMILY = "1,2";
				TEST_HOST = "$(BUILT_PRODUCTS_DIR)/Shape_FYP.app/$(BUNDLE_EXECUTABLE_FOLDER_PATH)/Shape_FYP";
			};
			name = Release;
		};
		20F8F5022B9DFE6100447299 /* Debug */ = {
			isa = XCBuildConfiguration;
			buildSettings = {
				ALWAYS_EMBED_SWIFT_STANDARD_LIBRARIES = YES;
				CODE_SIGN_STYLE = Automatic;
				CURRENT_PROJECT_VERSION = 1;
				DEVELOPMENT_TEAM = N7Z7BVW7UA;
				GENERATE_INFOPLIST_FILE = YES;
				MARKETING_VERSION = 1.0;
				PRODUCT_BUNDLE_IDENTIFIER = "hk.edu.shape.Shape-FYPUITests";
				PRODUCT_NAME = "$(TARGET_NAME)";
				SWIFT_EMIT_LOC_STRINGS = NO;
				SWIFT_VERSION = 5.0;
				TARGETED_DEVICE_FAMILY = "1,2";
				TEST_TARGET_NAME = Shape_FYP;
			};
			name = Debug;
		};
		20F8F5032B9DFE6100447299 /* Release */ = {
			isa = XCBuildConfiguration;
			buildSettings = {
				ALWAYS_EMBED_SWIFT_STANDARD_LIBRARIES = YES;
				CODE_SIGN_STYLE = Automatic;
				CURRENT_PROJECT_VERSION = 1;
				DEVELOPMENT_TEAM = N7Z7BVW7UA;
				GENERATE_INFOPLIST_FILE = YES;
				MARKETING_VERSION = 1.0;
				PRODUCT_BUNDLE_IDENTIFIER = "hk.edu.shape.Shape-FYPUITests";
				PRODUCT_NAME = "$(TARGET_NAME)";
				SWIFT_EMIT_LOC_STRINGS = NO;
				SWIFT_VERSION = 5.0;
				TARGETED_DEVICE_FAMILY = "1,2";
				TEST_TARGET_NAME = Shape_FYP;
			};
			name = Release;
		};
/* End XCBuildConfiguration section */

/* Begin XCConfigurationList section */
		20F8F4D22B9DFE5F00447299 /* Build configuration list for PBXProject "Shape_FYP" */ = {
			isa = XCConfigurationList;
			buildConfigurations = (
				20F8F4F92B9DFE6100447299 /* Debug */,
				20F8F4FA2B9DFE6100447299 /* Release */,
			);
			defaultConfigurationIsVisible = 0;
			defaultConfigurationName = Release;
		};
		20F8F4FB2B9DFE6100447299 /* Build configuration list for PBXNativeTarget "Shape_FYP" */ = {
			isa = XCConfigurationList;
			buildConfigurations = (
				20F8F4FC2B9DFE6100447299 /* Debug */,
				20F8F4FD2B9DFE6100447299 /* Release */,
			);
			defaultConfigurationIsVisible = 0;
			defaultConfigurationName = Release;
		};
		20F8F4FE2B9DFE6100447299 /* Build configuration list for PBXNativeTarget "Shape_FYPTests" */ = {
			isa = XCConfigurationList;
			buildConfigurations = (
				20F8F4FF2B9DFE6100447299 /* Debug */,
				20F8F5002B9DFE6100447299 /* Release */,
			);
			defaultConfigurationIsVisible = 0;
			defaultConfigurationName = Release;
		};
		20F8F5012B9DFE6100447299 /* Build configuration list for PBXNativeTarget "Shape_FYPUITests" */ = {
			isa = XCConfigurationList;
			buildConfigurations = (
				20F8F5022B9DFE6100447299 /* Debug */,
				20F8F5032B9DFE6100447299 /* Release */,
			);
			defaultConfigurationIsVisible = 0;
			defaultConfigurationName = Release;
		};
/* End XCConfigurationList section */

/* Begin XCRemoteSwiftPackageReference section */
		20F8F5222B9DFEBD00447299 /* XCRemoteSwiftPackageReference "firebase-ios-sdk" */ = {
			isa = XCRemoteSwiftPackageReference;
			repositoryURL = "https://github.com/firebase/firebase-ios-sdk";
			requirement = {
				kind = upToNextMajorVersion;
				minimumVersion = 10.22.1;
			};
		};
/* End XCRemoteSwiftPackageReference section */

/* Begin XCSwiftPackageProductDependency section */
		20F8F5232B9DFEBD00447299 /* FirebaseAnalytics */ = {
			isa = XCSwiftPackageProductDependency;
			package = 20F8F5222B9DFEBD00447299 /* XCRemoteSwiftPackageReference "firebase-ios-sdk" */;
			productName = FirebaseAnalytics;
		};
		20F8F5252B9DFEBD00447299 /* FirebaseAnalyticsSwift */ = {
			isa = XCSwiftPackageProductDependency;
			package = 20F8F5222B9DFEBD00447299 /* XCRemoteSwiftPackageReference "firebase-ios-sdk" */;
			productName = FirebaseAnalyticsSwift;
		};
		20F8F5272B9DFEBD00447299 /* FirebaseAppCheck */ = {
			isa = XCSwiftPackageProductDependency;
			package = 20F8F5222B9DFEBD00447299 /* XCRemoteSwiftPackageReference "firebase-ios-sdk" */;
			productName = FirebaseAppCheck;
		};
		20F8F5292B9DFEBD00447299 /* FirebaseAuth */ = {
			isa = XCSwiftPackageProductDependency;
			package = 20F8F5222B9DFEBD00447299 /* XCRemoteSwiftPackageReference "firebase-ios-sdk" */;
			productName = FirebaseAuth;
		};
		20F8F52B2B9DFEBD00447299 /* FirebaseDatabase */ = {
			isa = XCSwiftPackageProductDependency;
			package = 20F8F5222B9DFEBD00447299 /* XCRemoteSwiftPackageReference "firebase-ios-sdk" */;
			productName = FirebaseDatabase;
		};
		20F8F52D2B9DFEBD00447299 /* FirebaseDatabaseSwift */ = {
			isa = XCSwiftPackageProductDependency;
			package = 20F8F5222B9DFEBD00447299 /* XCRemoteSwiftPackageReference "firebase-ios-sdk" */;
			productName = FirebaseDatabaseSwift;
		};
		20F8F52F2B9DFEBD00447299 /* FirebaseFirestore */ = {
			isa = XCSwiftPackageProductDependency;
			package = 20F8F5222B9DFEBD00447299 /* XCRemoteSwiftPackageReference "firebase-ios-sdk" */;
			productName = FirebaseFirestore;
		};
		20F8F5312B9DFEBD00447299 /* FirebaseFirestoreSwift */ = {
			isa = XCSwiftPackageProductDependency;
			package = 20F8F5222B9DFEBD00447299 /* XCRemoteSwiftPackageReference "firebase-ios-sdk" */;
			productName = FirebaseFirestoreSwift;
		};
		20F8F5332B9DFEBD00447299 /* FirebaseStorage */ = {
			isa = XCSwiftPackageProductDependency;
			package = 20F8F5222B9DFEBD00447299 /* XCRemoteSwiftPackageReference "firebase-ios-sdk" */;
			productName = FirebaseStorage;
		};
/* End XCSwiftPackageProductDependency section */
	};
	rootObject = 20F8F4CF2B9DFE5F00447299 /* Project object */;
}
